PODS:
  - ESTabBarController-swift (2.8.0)
  - Google-Mobile-Ads-SDK (7.58.0):
    - GoogleAppMeasurement (~> 6.0)
  - GoogleAppMeasurement (6.4.1):
    - GoogleUtilities/AppDelegateSwizzler (~> 6.0)
    - GoogleUtilities/MethodSwizzler (~> 6.0)
    - GoogleUtilities/Network (~> 6.0)
    - "GoogleUtilities/NSData+zlib (~> 6.0)"
    - nanopb (= 0.3.9011)
  - GoogleUtilities/AppDelegateSwizzler (6.5.2):
    - GoogleUtilities/Environment
    - GoogleUtilities/Logger
    - GoogleUtilities/Network
  - GoogleUtilities/Environment (6.5.2)
  - GoogleUtilities/Logger (6.5.2):
    - GoogleUtilities/Environment
  - GoogleUtilities/MethodSwizzler (6.5.2):
    - GoogleUtilities/Logger
  - GoogleUtilities/Network (6.5.2):
    - GoogleUtilities/Logger
    - "GoogleUtilities/NSData+zlib"
    - GoogleUtilities/Reachability
  - "GoogleUtilities/NSData+zlib (6.5.2)"
  - GoogleUtilities/Reachability (6.5.2):
    - GoogleUtilities/Logger
  - Hero (1.5.0)
  - IQKeyboardManagerSwift (6.5.5)
  - nanopb (0.3.9011):
    - nanopb/decode (= 0.3.9011)
    - nanopb/encode (= 0.3.9011)
  - nanopb/decode (0.3.9011)
  - nanopb/encode (0.3.9011)
  - NVActivityIndicatorView (4.8.0):
    - NVActivityIndicatorView/Presenter (= 4.8.0)
  - NVActivityIndicatorView/Presenter (4.8.0)
  - pop (1.0.12)

DEPENDENCIES:
  - ESTabBarController-swift
  - Google-Mobile-Ads-SDK
  - Hero
  - IQKeyboardManagerSwift
  - NVActivityIndicatorView
  - pop (~> 1.0)

SPEC REPOS:
  trunk:
    - ESTabBarController-swift
    - Google-Mobile-Ads-SDK
    - GoogleAppMeasurement
    - GoogleUtilities
    - Hero
    - IQKeyboardManagerSwift
    - nanopb
    - NVActivityIndicatorView
    - pop

SPEC CHECKSUMS:
  ESTabBarController-swift: 05593a6ad64700b03c0eb60ff625916370aa4136
  Google-Mobile-Ads-SDK: 7052557293c75c676db55feb707ace9b790f32c1
  GoogleAppMeasurement: e49be3954045b17d046f271b9cc1ec052bad9702
  GoogleUtilities: ad0f3b691c67909d03a3327cc205222ab8f42e0e
  Hero: b7385b75e7259da62f4f85462f59a5082d66b058
  IQKeyboardManagerSwift: 0fb93310284665245591f50f7a5e38de615960b7
  nanopb: 18003b5e52dab79db540fe93fe9579f399bd1ccd
  NVActivityIndicatorView: d24b7ebcf80af5dcd994adb650e2b6c93379270f
  pop: d582054913807fd11fd50bfe6a539d91c7e1a55a

PODFILE CHECKSUM: 99e97621914b4883cf8dd9a41ed9a5325c0c3c3d

COCOAPODS: 1.8.3
