// !$*UTF8*$!
{
	archiveVersion = 1;
	classes = {
	};
	objectVersion = 51;
	objects = {

/* Begin PBXBuildFile section */
		9F31591A373FA38570AF8721 /* Pods_HabitDevelopment.framework in Frameworks */ = {isa = PBXBuildFile; fileRef = 20CADADE14DE3283E03ED04A /* Pods_HabitDevelopment.framework */; };
		DB29AC112497255D00D162CB /* MoreVC.swift in Sources */ = {isa = PBXBuildFile; fileRef = DB29AC102497255D00D162CB /* MoreVC.swift */; };
		DB29AC1324972DE000D162CB /* IAPManager.swift in Sources */ = {isa = PBXBuildFile; fileRef = DB29AC1224972DE000D162CB /* IAPManager.swift */; };
		DB29AC1524972DFE00D162CB /* NVLoadingView.swift in Sources */ = {isa = PBXBuildFile; fileRef = DB29AC1424972DFE00D162CB /* NVLoadingView.swift */; };
		DB5A5F91249097AF004B06D8 /* DesignatedVC.swift in Sources */ = {isa = PBXBuildFile; fileRef = DB5A5F90249097AF004B06D8 /* DesignatedVC.swift */; };
		DB5A5F932490E14A004B06D8 /* TabbarVC.swift in Sources */ = {isa = PBXBuildFile; fileRef = DB5A5F922490E14A004B06D8 /* TabbarVC.swift */; };
		DB5A5F952490E5CE004B06D8 /* ExampleBasicContentView.swift in Sources */ = {isa = PBXBuildFile; fileRef = DB5A5F942490E5CE004B06D8 /* ExampleBasicContentView.swift */; };
		DB5A5F972490E620004B06D8 /* ExampleHighlightableContentView.swift in Sources */ = {isa = PBXBuildFile; fileRef = DB5A5F962490E620004B06D8 /* ExampleHighlightableContentView.swift */; };
		DB5A5F992490E63C004B06D8 /* ExampleBackgroundContentView.swift in Sources */ = {isa = PBXBuildFile; fileRef = DB5A5F982490E63C004B06D8 /* ExampleBackgroundContentView.swift */; };
		DB5A5F9B2490E916004B06D8 /* ExampleIrregularityContentView.swift in Sources */ = {isa = PBXBuildFile; fileRef = DB5A5F9A2490E916004B06D8 /* ExampleIrregularityContentView.swift */; };
		DB5A5FA22490F26F004B06D8 /* ExampleBouncesContentView.swift in Sources */ = {isa = PBXBuildFile; fileRef = DB5A5FA12490F26F004B06D8 /* ExampleBouncesContentView.swift */; };
		DB5A5FE224933393004B06D8 /* SpotlightTransitionController.swift in Sources */ = {isa = PBXBuildFile; fileRef = DB5A5FDE24933393004B06D8 /* SpotlightTransitionController.swift */; };
		DB5A5FE324933393004B06D8 /* SpotlightView.swift in Sources */ = {isa = PBXBuildFile; fileRef = DB5A5FDF24933393004B06D8 /* SpotlightView.swift */; };
		DB5A5FE424933393004B06D8 /* Spotlight.swift in Sources */ = {isa = PBXBuildFile; fileRef = DB5A5FE024933393004B06D8 /* Spotlight.swift */; };
		DB5A5FE524933393004B06D8 /* SpotlightViewController.swift in Sources */ = {isa = PBXBuildFile; fileRef = DB5A5FE124933393004B06D8 /* SpotlightViewController.swift */; };
		DB5A5FE92493750B004B06D8 /* TestVC1.swift in Sources */ = {isa = PBXBuildFile; fileRef = DB5A5FE82493750B004B06D8 /* TestVC1.swift */; };
		DB5A5FEB24938D58004B06D8 /* TestVC2.swift in Sources */ = {isa = PBXBuildFile; fileRef = DB5A5FEA24938D58004B06D8 /* TestVC2.swift */; };
		DB8FF327248E2D4000CE34D1 /* AppDelegate.swift in Sources */ = {isa = PBXBuildFile; fileRef = DB8FF326248E2D4000CE34D1 /* AppDelegate.swift */; };
		DB8FF32B248E2D4000CE34D1 /* ViewController.swift in Sources */ = {isa = PBXBuildFile; fileRef = DB8FF32A248E2D4000CE34D1 /* ViewController.swift */; };
		DB8FF32E248E2D4000CE34D1 /* Main.storyboard in Resources */ = {isa = PBXBuildFile; fileRef = DB8FF32C248E2D4000CE34D1 /* Main.storyboard */; };
		DB8FF330248E2D4300CE34D1 /* Assets.xcassets in Resources */ = {isa = PBXBuildFile; fileRef = DB8FF32F248E2D4300CE34D1 /* Assets.xcassets */; };
		DB8FF333248E2D4300CE34D1 /* LaunchScreen.storyboard in Resources */ = {isa = PBXBuildFile; fileRef = DB8FF331248E2D4300CE34D1 /* LaunchScreen.storyboard */; };
		DB8FF33F248F31E400CE34D1 /* Extensions.swift in Sources */ = {isa = PBXBuildFile; fileRef = DB8FF33E248F31E400CE34D1 /* Extensions.swift */; };
		DB8FF341248F325600CE34D1 /* DetailedVC.swift in Sources */ = {isa = PBXBuildFile; fileRef = DB8FF340248F325600CE34D1 /* DetailedVC.swift */; };
		DB8FF343248F5AE800CE34D1 /* ViewControllerCell.swift in Sources */ = {isa = PBXBuildFile; fileRef = DB8FF342248F5AE800CE34D1 /* ViewControllerCell.swift */; };
		DB8FF345248F94F000CE34D1 /* TestVC.swift in Sources */ = {isa = PBXBuildFile; fileRef = DB8FF344248F94F000CE34D1 /* TestVC.swift */; };
		DBB9A9C92498A9010069C4EE /* CustomPickerView.swift in Sources */ = {isa = PBXBuildFile; fileRef = DBB9A9C82498A9010069C4EE /* CustomPickerView.swift */; };
/* End PBXBuildFile section */

/* Begin PBXFileReference section */
		20CADADE14DE3283E03ED04A /* Pods_HabitDevelopment.framework */ = {isa = PBXFileReference; explicitFileType = wrapper.framework; includeInIndex = 0; path = Pods_HabitDevelopment.framework; sourceTree = BUILT_PRODUCTS_DIR; };
		6CD38F96E04DC938EE8CF906 /* Pods-HabitDevelopment.release.xcconfig */ = {isa = PBXFileReference; includeInIndex = 1; lastKnownFileType = text.xcconfig; name = "Pods-HabitDevelopment.release.xcconfig"; path = "Target Support Files/Pods-HabitDevelopment/Pods-HabitDevelopment.release.xcconfig"; sourceTree = "<group>"; };
		79C83110789EB696E9E1B251 /* Pods-HabitDevelopment.debug.xcconfig */ = {isa = PBXFileReference; includeInIndex = 1; lastKnownFileType = text.xcconfig; name = "Pods-HabitDevelopment.debug.xcconfig"; path = "Target Support Files/Pods-HabitDevelopment/Pods-HabitDevelopment.debug.xcconfig"; sourceTree = "<group>"; };
		DB29AC102497255D00D162CB /* MoreVC.swift */ = {isa = PBXFileReference; lastKnownFileType = sourcecode.swift; path = MoreVC.swift; sourceTree = "<group>"; };
		DB29AC1224972DE000D162CB /* IAPManager.swift */ = {isa = PBXFileReference; fileEncoding = 4; lastKnownFileType = sourcecode.swift; path = IAPManager.swift; sourceTree = "<group>"; };
		DB29AC1424972DFE00D162CB /* NVLoadingView.swift */ = {isa = PBXFileReference; fileEncoding = 4; lastKnownFileType = sourcecode.swift; path = NVLoadingView.swift; sourceTree = "<group>"; };
		DB5A5F90249097AF004B06D8 /* DesignatedVC.swift */ = {isa = PBXFileReference; lastKnownFileType = sourcecode.swift; path = DesignatedVC.swift; sourceTree = "<group>"; };
		DB5A5F922490E14A004B06D8 /* TabbarVC.swift */ = {isa = PBXFileReference; lastKnownFileType = sourcecode.swift; path = TabbarVC.swift; sourceTree = "<group>"; };
		DB5A5F942490E5CE004B06D8 /* ExampleBasicContentView.swift */ = {isa = PBXFileReference; fileEncoding = 4; lastKnownFileType = sourcecode.swift; path = ExampleBasicContentView.swift; sourceTree = "<group>"; };
		DB5A5F962490E620004B06D8 /* ExampleHighlightableContentView.swift */ = {isa = PBXFileReference; fileEncoding = 4; lastKnownFileType = sourcecode.swift; path = ExampleHighlightableContentView.swift; sourceTree = "<group>"; };
		DB5A5F982490E63C004B06D8 /* ExampleBackgroundContentView.swift */ = {isa = PBXFileReference; fileEncoding = 4; lastKnownFileType = sourcecode.swift; path = ExampleBackgroundContentView.swift; sourceTree = "<group>"; };
		DB5A5F9A2490E916004B06D8 /* ExampleIrregularityContentView.swift */ = {isa = PBXFileReference; fileEncoding = 4; lastKnownFileType = sourcecode.swift; path = ExampleIrregularityContentView.swift; sourceTree = "<group>"; };
		DB5A5FA12490F26F004B06D8 /* ExampleBouncesContentView.swift */ = {isa = PBXFileReference; fileEncoding = 4; lastKnownFileType = sourcecode.swift; path = ExampleBouncesContentView.swift; sourceTree = "<group>"; };
		DB5A5FDE24933393004B06D8 /* SpotlightTransitionController.swift */ = {isa = PBXFileReference; fileEncoding = 4; lastKnownFileType = sourcecode.swift; path = SpotlightTransitionController.swift; sourceTree = "<group>"; };
		DB5A5FDF24933393004B06D8 /* SpotlightView.swift */ = {isa = PBXFileReference; fileEncoding = 4; lastKnownFileType = sourcecode.swift; path = SpotlightView.swift; sourceTree = "<group>"; };
		DB5A5FE024933393004B06D8 /* Spotlight.swift */ = {isa = PBXFileReference; fileEncoding = 4; lastKnownFileType = sourcecode.swift; path = Spotlight.swift; sourceTree = "<group>"; };
		DB5A5FE124933393004B06D8 /* SpotlightViewController.swift */ = {isa = PBXFileReference; fileEncoding = 4; lastKnownFileType = sourcecode.swift; path = SpotlightViewController.swift; sourceTree = "<group>"; };
		DB5A5FE82493750B004B06D8 /* TestVC1.swift */ = {isa = PBXFileReference; lastKnownFileType = sourcecode.swift; path = TestVC1.swift; sourceTree = "<group>"; };
		DB5A5FEA24938D58004B06D8 /* TestVC2.swift */ = {isa = PBXFileReference; lastKnownFileType = sourcecode.swift; path = TestVC2.swift; sourceTree = "<group>"; };
		DB8FF323248E2D4000CE34D1 /* 代辦計畫.app */ = {isa = PBXFileReference; explicitFileType = wrapper.application; includeInIndex = 0; path = "代辦計畫.app"; sourceTree = BUILT_PRODUCTS_DIR; };
		DB8FF326248E2D4000CE34D1 /* AppDelegate.swift */ = {isa = PBXFileReference; lastKnownFileType = sourcecode.swift; path = AppDelegate.swift; sourceTree = "<group>"; };
		DB8FF32A248E2D4000CE34D1 /* ViewController.swift */ = {isa = PBXFileReference; lastKnownFileType = sourcecode.swift; path = ViewController.swift; sourceTree = "<group>"; };
		DB8FF32D248E2D4000CE34D1 /* Base */ = {isa = PBXFileReference; lastKnownFileType = file.storyboard; name = Base; path = Base.lproj/Main.storyboard; sourceTree = "<group>"; };
		DB8FF32F248E2D4300CE34D1 /* Assets.xcassets */ = {isa = PBXFileReference; lastKnownFileType = folder.assetcatalog; path = Assets.xcassets; sourceTree = "<group>"; };
		DB8FF332248E2D4300CE34D1 /* Base */ = {isa = PBXFileReference; lastKnownFileType = file.storyboard; name = Base; path = Base.lproj/LaunchScreen.storyboard; sourceTree = "<group>"; };
		DB8FF334248E2D4300CE34D1 /* Info.plist */ = {isa = PBXFileReference; lastKnownFileType = text.plist.xml; path = Info.plist; sourceTree = "<group>"; };
		DB8FF33E248F31E400CE34D1 /* Extensions.swift */ = {isa = PBXFileReference; fileEncoding = 4; lastKnownFileType = sourcecode.swift; path = Extensions.swift; sourceTree = "<group>"; };
		DB8FF340248F325600CE34D1 /* DetailedVC.swift */ = {isa = PBXFileReference; lastKnownFileType = sourcecode.swift; path = DetailedVC.swift; sourceTree = "<group>"; };
		DB8FF342248F5AE800CE34D1 /* ViewControllerCell.swift */ = {isa = PBXFileReference; lastKnownFileType = sourcecode.swift; path = ViewControllerCell.swift; sourceTree = "<group>"; };
		DB8FF344248F94F000CE34D1 /* TestVC.swift */ = {isa = PBXFileReference; lastKnownFileType = sourcecode.swift; path = TestVC.swift; sourceTree = "<group>"; };
		DBB9A9C82498A9010069C4EE /* CustomPickerView.swift */ = {isa = PBXFileReference; fileEncoding = 4; lastKnownFileType = sourcecode.swift; path = CustomPickerView.swift; sourceTree = "<group>"; };
/* End PBXFileReference section */

/* Begin PBXFrameworksBuildPhase section */
		DB8FF320248E2D4000CE34D1 /* Frameworks */ = {
			isa = PBXFrameworksBuildPhase;
			buildActionMask = 2147483647;
			files = (
				9F31591A373FA38570AF8721 /* Pods_HabitDevelopment.framework in Frameworks */,
			);
			runOnlyForDeploymentPostprocessing = 0;
		};
/* End PBXFrameworksBuildPhase section */

/* Begin PBXGroup section */
		3A3C0A6AD959DDB882979B1B /* Frameworks */ = {
			isa = PBXGroup;
			children = (
				20CADADE14DE3283E03ED04A /* Pods_HabitDevelopment.framework */,
			);
			name = Frameworks;
			sourceTree = "<group>";
		};
		A77DB2BF2ED0C22157CB4A5A /* Pods */ = {
			isa = PBXGroup;
			children = (
				79C83110789EB696E9E1B251 /* Pods-HabitDevelopment.debug.xcconfig */,
				6CD38F96E04DC938EE8CF906 /* Pods-HabitDevelopment.release.xcconfig */,
			);
			path = Pods;
			sourceTree = "<group>";
		};
		DB5A5FDD24933393004B06D8 /* Gecco */ = {
			isa = PBXGroup;
			children = (
				DB5A5FDE24933393004B06D8 /* SpotlightTransitionController.swift */,
				DB5A5FDF24933393004B06D8 /* SpotlightView.swift */,
				DB5A5FE024933393004B06D8 /* Spotlight.swift */,
				DB5A5FE124933393004B06D8 /* SpotlightViewController.swift */,
			);
			path = Gecco;
			sourceTree = "<group>";
		};
		DB8FF31A248E2D4000CE34D1 = {
			isa = PBXGroup;
			children = (
				DB8FF325248E2D4000CE34D1 /* HabitDevelopment */,
				DB8FF324248E2D4000CE34D1 /* Products */,
				A77DB2BF2ED0C22157CB4A5A /* Pods */,
				3A3C0A6AD959DDB882979B1B /* Frameworks */,
			);
			sourceTree = "<group>";
		};
		DB8FF324248E2D4000CE34D1 /* Products */ = {
			isa = PBXGroup;
			children = (
				DB8FF323248E2D4000CE34D1 /* 代辦計畫.app */,
			);
			name = Products;
			sourceTree = "<group>";
		};
		DB8FF325248E2D4000CE34D1 /* HabitDevelopment */ = {
			isa = PBXGroup;
			children = (
				DB8FF326248E2D4000CE34D1 /* AppDelegate.swift */,
				DB5A5F922490E14A004B06D8 /* TabbarVC.swift */,
				DB8FF32A248E2D4000CE34D1 /* ViewController.swift */,
				DB8FF342248F5AE800CE34D1 /* ViewControllerCell.swift */,
				DB8FF340248F325600CE34D1 /* DetailedVC.swift */,
				DB5A5F90249097AF004B06D8 /* DesignatedVC.swift */,
				DB29AC102497255D00D162CB /* MoreVC.swift */,
				DB8FF344248F94F000CE34D1 /* TestVC.swift */,
				DB5A5FE82493750B004B06D8 /* TestVC1.swift */,
				DB5A5FEA24938D58004B06D8 /* TestVC2.swift */,
				DB5A5F962490E620004B06D8 /* ExampleHighlightableContentView.swift */,
				DB5A5F982490E63C004B06D8 /* ExampleBackgroundContentView.swift */,
				DB5A5F942490E5CE004B06D8 /* ExampleBasicContentView.swift */,
				DB5A5F9A2490E916004B06D8 /* ExampleIrregularityContentView.swift */,
				DB5A5FA12490F26F004B06D8 /* ExampleBouncesContentView.swift */,
				DBB9A9C82498A9010069C4EE /* CustomPickerView.swift */,
				DB29AC1424972DFE00D162CB /* NVLoadingView.swift */,
				DB29AC1224972DE000D162CB /* IAPManager.swift */,
				DB8FF32C248E2D4000CE34D1 /* Main.storyboard */,
				DB8FF33E248F31E400CE34D1 /* Extensions.swift */,
				DB5A5FDD24933393004B06D8 /* Gecco */,
				DB8FF32F248E2D4300CE34D1 /* Assets.xcassets */,
				DB8FF331248E2D4300CE34D1 /* LaunchScreen.storyboard */,
				DB8FF334248E2D4300CE34D1 /* Info.plist */,
			);
			path = HabitDevelopment;
			sourceTree = "<group>";
		};
/* End PBXGroup section */

/* Begin PBXNativeTarget section */
		DB8FF322248E2D4000CE34D1 /* HabitDevelopment */ = {
			isa = PBXNativeTarget;
			buildConfigurationList = DB8FF337248E2D4300CE34D1 /* Build configuration list for PBXNativeTarget "HabitDevelopment" */;
			buildPhases = (
				E509D1EE2A4556D73129C348 /* [CP] Check Pods Manifest.lock */,
				DB8FF31F248E2D4000CE34D1 /* Sources */,
				DB8FF320248E2D4000CE34D1 /* Frameworks */,
				DB8FF321248E2D4000CE34D1 /* Resources */,
				396C49102EE73AB1B2C99723 /* [CP] Embed Pods Frameworks */,
			);
			buildRules = (
			);
			dependencies = (
			);
			name = HabitDevelopment;
			productName = HabitDevelopment;
			productReference = DB8FF323248E2D4000CE34D1 /* 代辦計畫.app */;
			productType = "com.apple.product-type.application";
		};
/* End PBXNativeTarget section */

/* Begin PBXProject section */
		DB8FF31B248E2D4000CE34D1 /* Project object */ = {
			isa = PBXProject;
			attributes = {
				LastSwiftUpdateCheck = 1140;
				LastUpgradeCheck = 1140;
				ORGANIZATIONNAME = "HellöM";
				TargetAttributes = {
					DB8FF322248E2D4000CE34D1 = {
						CreatedOnToolsVersion = 11.4;
					};
				};
			};
			buildConfigurationList = DB8FF31E248E2D4000CE34D1 /* Build configuration list for PBXProject "HabitDevelopment" */;
			compatibilityVersion = "Xcode 9.3";
			developmentRegion = en;
			hasScannedForEncodings = 0;
			knownRegions = (
				en,
				Base,
			);
			mainGroup = DB8FF31A248E2D4000CE34D1;
			productRefGroup = DB8FF324248E2D4000CE34D1 /* Products */;
			projectDirPath = "";
			projectRoot = "";
			targets = (
				DB8FF322248E2D4000CE34D1 /* HabitDevelopment */,
			);
		};
/* End PBXProject section */

/* Begin PBXResourcesBuildPhase section */
		DB8FF321248E2D4000CE34D1 /* Resources */ = {
			isa = PBXResourcesBuildPhase;
			buildActionMask = 2147483647;
			files = (
				DB8FF333248E2D4300CE34D1 /* LaunchScreen.storyboard in Resources */,
				DB8FF330248E2D4300CE34D1 /* Assets.xcassets in Resources */,
				DB8FF32E248E2D4000CE34D1 /* Main.storyboard in Resources */,
			);
			runOnlyForDeploymentPostprocessing = 0;
		};
/* End PBXResourcesBuildPhase section */

/* Begin PBXShellScriptBuildPhase section */
		396C49102EE73AB1B2C99723 /* [CP] Embed Pods Frameworks */ = {
			isa = PBXShellScriptBuildPhase;
			buildActionMask = 2147483647;
			files = (
			);
			inputFileListPaths = (
				"${PODS_ROOT}/Target Support Files/Pods-HabitDevelopment/Pods-HabitDevelopment-frameworks-${CONFIGURATION}-input-files.xcfilelist",
			);
			name = "[CP] Embed Pods Frameworks";
			outputFileListPaths = (
				"${PODS_ROOT}/Target Support Files/Pods-HabitDevelopment/Pods-HabitDevelopment-frameworks-${CONFIGURATION}-output-files.xcfilelist",
			);
			runOnlyForDeploymentPostprocessing = 0;
			shellPath = /bin/sh;
			shellScript = "\"${PODS_ROOT}/Target Support Files/Pods-HabitDevelopment/Pods-HabitDevelopment-frameworks.sh\"\n";
			showEnvVarsInLog = 0;
		};
		E509D1EE2A4556D73129C348 /* [CP] Check Pods Manifest.lock */ = {
			isa = PBXShellScriptBuildPhase;
			buildActionMask = 2147483647;
			files = (
			);
			inputFileListPaths = (
			);
			inputPaths = (
				"${PODS_PODFILE_DIR_PATH}/Podfile.lock",
				"${PODS_ROOT}/Manifest.lock",
			);
			name = "[CP] Check Pods Manifest.lock";
			outputFileListPaths = (
			);
			outputPaths = (
				"$(DERIVED_FILE_DIR)/Pods-HabitDevelopment-checkManifestLockResult.txt",
			);
			runOnlyForDeploymentPostprocessing = 0;
			shellPath = /bin/sh;
			shellScript = "diff \"${PODS_PODFILE_DIR_PATH}/Podfile.lock\" \"${PODS_ROOT}/Manifest.lock\" > /dev/null\nif [ $? != 0 ] ; then\n    # print error to STDERR\n    echo \"error: The sandbox is not in sync with the Podfile.lock. Run 'pod install' or update your CocoaPods installation.\" >&2\n    exit 1\nfi\n# This output is used by Xcode 'outputs' to avoid re-running this script phase.\necho \"SUCCESS\" > \"${SCRIPT_OUTPUT_FILE_0}\"\n";
			showEnvVarsInLog = 0;
		};
/* End PBXShellScriptBuildPhase section */

/* Begin PBXSourcesBuildPhase section */
		DB8FF31F248E2D4000CE34D1 /* Sources */ = {
			isa = PBXSourcesBuildPhase;
			buildActionMask = 2147483647;
			files = (
				DB29AC1324972DE000D162CB /* IAPManager.swift in Sources */,
				DB5A5F9B2490E916004B06D8 /* ExampleIrregularityContentView.swift in Sources */,
				DB8FF341248F325600CE34D1 /* DetailedVC.swift in Sources */,
				DB5A5FE92493750B004B06D8 /* TestVC1.swift in Sources */,
				DB5A5F91249097AF004B06D8 /* DesignatedVC.swift in Sources */,
				DB5A5F952490E5CE004B06D8 /* ExampleBasicContentView.swift in Sources */,
				DB8FF32B248E2D4000CE34D1 /* ViewController.swift in Sources */,
				DB5A5F992490E63C004B06D8 /* ExampleBackgroundContentView.swift in Sources */,
				DB5A5FA22490F26F004B06D8 /* ExampleBouncesContentView.swift in Sources */,
				DB5A5F972490E620004B06D8 /* ExampleHighlightableContentView.swift in Sources */,
				DB5A5FE424933393004B06D8 /* Spotlight.swift in Sources */,
				DB8FF33F248F31E400CE34D1 /* Extensions.swift in Sources */,
				DB8FF343248F5AE800CE34D1 /* ViewControllerCell.swift in Sources */,
				DB5A5FEB24938D58004B06D8 /* TestVC2.swift in Sources */,
				DB8FF345248F94F000CE34D1 /* TestVC.swift in Sources */,
				DB5A5FE524933393004B06D8 /* SpotlightViewController.swift in Sources */,
				DB5A5FE324933393004B06D8 /* SpotlightView.swift in Sources */,
				DB29AC1524972DFE00D162CB /* NVLoadingView.swift in Sources */,
				DB5A5FE224933393004B06D8 /* SpotlightTransitionController.swift in Sources */,
				DB5A5F932490E14A004B06D8 /* TabbarVC.swift in Sources */,
				DB8FF327248E2D4000CE34D1 /* AppDelegate.swift in Sources */,
				DB29AC112497255D00D162CB /* MoreVC.swift in Sources */,
				DBB9A9C92498A9010069C4EE /* CustomPickerView.swift in Sources */,
			);
			runOnlyForDeploymentPostprocessing = 0;
		};
/* End PBXSourcesBuildPhase section */

/* Begin PBXVariantGroup section */
		DB8FF32C248E2D4000CE34D1 /* Main.storyboard */ = {
			isa = PBXVariantGroup;
			children = (
				DB8FF32D248E2D4000CE34D1 /* Base */,
			);
			name = Main.storyboard;
			sourceTree = "<group>";
		};
		DB8FF331248E2D4300CE34D1 /* LaunchScreen.storyboard */ = {
			isa = PBXVariantGroup;
			children = (
				DB8FF332248E2D4300CE34D1 /* Base */,
			);
			name = LaunchScreen.storyboard;
			sourceTree = "<group>";
		};
/* End PBXVariantGroup section */

/* Begin XCBuildConfiguration section */
		DB8FF335248E2D4300CE34D1 /* Debug */ = {
			isa = XCBuildConfiguration;
			buildSettings = {
				ALWAYS_SEARCH_USER_PATHS = NO;
				CLANG_ANALYZER_NONNULL = YES;
				CLANG_ANALYZER_NUMBER_OBJECT_CONVERSION = YES_AGGRESSIVE;
				CLANG_CXX_LANGUAGE_STANDARD = "gnu++14";
				CLANG_CXX_LIBRARY = "libc++";
				CLANG_ENABLE_MODULES = YES;
				CLANG_ENABLE_OBJC_ARC = YES;
				CLANG_ENABLE_OBJC_WEAK = YES;
				CLANG_WARN_BLOCK_CAPTURE_AUTORELEASING = YES;
				CLANG_WARN_BOOL_CONVERSION = YES;
				CLANG_WARN_COMMA = YES;
				CLANG_WARN_CONSTANT_CONVERSION = YES;
				CLANG_WARN_DEPRECATED_OBJC_IMPLEMENTATIONS = YES;
				CLANG_WARN_DIRECT_OBJC_ISA_USAGE = YES_ERROR;
				CLANG_WARN_DOCUMENTATION_COMMENTS = YES;
				CLANG_WARN_EMPTY_BODY = YES;
				CLANG_WARN_ENUM_CONVERSION = YES;
				CLANG_WARN_INFINITE_RECURSION = YES;
				CLANG_WARN_INT_CONVERSION = YES;
				CLANG_WARN_NON_LITERAL_NULL_CONVERSION = YES;
				CLANG_WARN_OBJC_IMPLICIT_RETAIN_SELF = YES;
				CLANG_WARN_OBJC_LITERAL_CONVERSION = YES;
				CLANG_WARN_OBJC_ROOT_CLASS = YES_ERROR;
				CLANG_WARN_RANGE_LOOP_ANALYSIS = YES;
				CLANG_WARN_STRICT_PROTOTYPES = YES;
				CLANG_WARN_SUSPICIOUS_MOVE = YES;
				CLANG_WARN_UNGUARDED_AVAILABILITY = YES_AGGRESSIVE;
				CLANG_WARN_UNREACHABLE_CODE = YES;
				CLANG_WARN__DUPLICATE_METHOD_MATCH = YES;
				COPY_PHASE_STRIP = NO;
				DEBUG_INFORMATION_FORMAT = dwarf;
				ENABLE_STRICT_OBJC_MSGSEND = YES;
				ENABLE_TESTABILITY = YES;
				GCC_C_LANGUAGE_STANDARD = gnu11;
				GCC_DYNAMIC_NO_PIC = NO;
				GCC_NO_COMMON_BLOCKS = YES;
				GCC_OPTIMIZATION_LEVEL = 0;
				GCC_PREPROCESSOR_DEFINITIONS = (
					"DEBUG=1",
					"$(inherited)",
				);
				GCC_WARN_64_TO_32_BIT_CONVERSION = YES;
				GCC_WARN_ABOUT_RETURN_TYPE = YES_ERROR;
				GCC_WARN_UNDECLARED_SELECTOR = YES;
				GCC_WARN_UNINITIALIZED_AUTOS = YES_AGGRESSIVE;
				GCC_WARN_UNUSED_FUNCTION = YES;
				GCC_WARN_UNUSED_VARIABLE = YES;
				IPHONEOS_DEPLOYMENT_TARGET = 13.4;
				MTL_ENABLE_DEBUG_INFO = INCLUDE_SOURCE;
				MTL_FAST_MATH = YES;
				ONLY_ACTIVE_ARCH = YES;
				SDKROOT = iphoneos;
				SWIFT_ACTIVE_COMPILATION_CONDITIONS = DEBUG;
				SWIFT_OPTIMIZATION_LEVEL = "-Onone";
			};
			name = Debug;
		};
		DB8FF336248E2D4300CE34D1 /* Release */ = {
			isa = XCBuildConfiguration;
			buildSettings = {
				ALWAYS_SEARCH_USER_PATHS = NO;
				CLANG_ANALYZER_NONNULL = YES;
				CLANG_ANALYZER_NUMBER_OBJECT_CONVERSION = YES_AGGRESSIVE;
				CLANG_CXX_LANGUAGE_STANDARD = "gnu++14";
				CLANG_CXX_LIBRARY = "libc++";
				CLANG_ENABLE_MODULES = YES;
				CLANG_ENABLE_OBJC_ARC = YES;
				CLANG_ENABLE_OBJC_WEAK = YES;
				CLANG_WARN_BLOCK_CAPTURE_AUTORELEASING = YES;
				CLANG_WARN_BOOL_CONVERSION = YES;
				CLANG_WARN_COMMA = YES;
				CLANG_WARN_CONSTANT_CONVERSION = YES;
				CLANG_WARN_DEPRECATED_OBJC_IMPLEMENTATIONS = YES;
				CLANG_WARN_DIRECT_OBJC_ISA_USAGE = YES_ERROR;
				CLANG_WARN_DOCUMENTATION_COMMENTS = YES;
				CLANG_WARN_EMPTY_BODY = YES;
				CLANG_WARN_ENUM_CONVERSION = YES;
				CLANG_WARN_INFINITE_RECURSION = YES;
				CLANG_WARN_INT_CONVERSION = YES;
				CLANG_WARN_NON_LITERAL_NULL_CONVERSION = YES;
				CLANG_WARN_OBJC_IMPLICIT_RETAIN_SELF = YES;
				CLANG_WARN_OBJC_LITERAL_CONVERSION = YES;
				CLANG_WARN_OBJC_ROOT_CLASS = YES_ERROR;
				CLANG_WARN_RANGE_LOOP_ANALYSIS = YES;
				CLANG_WARN_STRICT_PROTOTYPES = YES;
				CLANG_WARN_SUSPICIOUS_MOVE = YES;
				CLANG_WARN_UNGUARDED_AVAILABILITY = YES_AGGRESSIVE;
				CLANG_WARN_UNREACHABLE_CODE = YES;
				CLANG_WARN__DUPLICATE_METHOD_MATCH = YES;
				COPY_PHASE_STRIP = NO;
				DEBUG_INFORMATION_FORMAT = "dwarf-with-dsym";
				ENABLE_NS_ASSERTIONS = NO;
				ENABLE_STRICT_OBJC_MSGSEND = YES;
				GCC_C_LANGUAGE_STANDARD = gnu11;
				GCC_NO_COMMON_BLOCKS = YES;
				GCC_WARN_64_TO_32_BIT_CONVERSION = YES;
				GCC_WARN_ABOUT_RETURN_TYPE = YES_ERROR;
				GCC_WARN_UNDECLARED_SELECTOR = YES;
				GCC_WARN_UNINITIALIZED_AUTOS = YES_AGGRESSIVE;
				GCC_WARN_UNUSED_FUNCTION = YES;
				GCC_WARN_UNUSED_VARIABLE = YES;
				IPHONEOS_DEPLOYMENT_TARGET = 13.4;
				MTL_ENABLE_DEBUG_INFO = NO;
				MTL_FAST_MATH = YES;
				SDKROOT = iphoneos;
				SWIFT_COMPILATION_MODE = wholemodule;
				SWIFT_OPTIMIZATION_LEVEL = "-O";
				VALIDATE_PRODUCT = YES;
			};
			name = Release;
		};
		DB8FF338248E2D4300CE34D1 /* Debug */ = {
			isa = XCBuildConfiguration;
			baseConfigurationReference = 79C83110789EB696E9E1B251 /* Pods-HabitDevelopment.debug.xcconfig */;
			buildSettings = {
				ASSETCATALOG_COMPILER_APPICON_NAME = AppIcon;
				CODE_SIGN_IDENTITY = "iPhone Developer";
				CODE_SIGN_STYLE = Manual;
				CURRENT_PROJECT_VERSION = 5;
				DEVELOPMENT_TEAM = 38AMPUQ98F;
				ENABLE_BITCODE = NO;
				FRAMEWORK_SEARCH_PATHS = (
					"$(inherited)",
					"$(PROJECT_DIR)/HabitDevelopment",
				);
				INFOPLIST_FILE = HabitDevelopment/Info.plist;
				IPHONEOS_DEPLOYMENT_TARGET = 11.0;
				LD_RUNPATH_SEARCH_PATHS = (
					"$(inherited)",
					"@executable_path/Frameworks",
				);
				MARKETING_VERSION = 1.0.2;
				PRODUCT_BUNDLE_IDENTIFIER = uuu.HelloM.HabitDevelopment;
				PRODUCT_NAME = "代辦計畫";
				PROVISIONING_PROFILE_SPECIFIER = HD_dev_20200610;
				SWIFT_VERSION = 5.0;
				TARGETED_DEVICE_FAMILY = "1,2";
			};
			name = Debug;
		};
		DB8FF339248E2D4300CE34D1 /* Release */ = {
			isa = XCBuildConfiguration;
			baseConfigurationReference = 6CD38F96E04DC938EE8CF906 /* Pods-HabitDevelopment.release.xcconfig */;
			buildSettings = {
				ASSETCATALOG_COMPILER_APPICON_NAME = AppIcon;
				CODE_SIGN_IDENTITY = "iPhone Developer";
				CODE_SIGN_STYLE = Manual;
				CURRENT_PROJECT_VERSION = 5;
				DEVELOPMENT_TEAM = 38AMPUQ98F;
				ENABLE_BITCODE = NO;
				FRAMEWORK_SEARCH_PATHS = (
					"$(inherited)",
					"$(PROJECT_DIR)/HabitDevelopment",
				);
				INFOPLIST_FILE = HabitDevelopment/Info.plist;
				IPHONEOS_DEPLOYMENT_TARGET = 11.0;
				LD_RUNPATH_SEARCH_PATHS = (
					"$(inherited)",
					"@executable_path/Frameworks",
				);
				MARKETING_VERSION = 1.0.2;
				PRODUCT_BUNDLE_IDENTIFIER = uuu.HelloM.HabitDevelopment;
				PRODUCT_NAME = "代辦計畫";
				PROVISIONING_PROFILE_SPECIFIER = HD_dev_20200610;
				SWIFT_VERSION = 5.0;
				TARGETED_DEVICE_FAMILY = "1,2";
			};
			name = Release;
		};
/* End XCBuildConfiguration section */

/* Begin XCConfigurationList section */
		DB8FF31E248E2D4000CE34D1 /* Build configuration list for PBXProject "HabitDevelopment" */ = {
			isa = XCConfigurationList;
			buildConfigurations = (
				DB8FF335248E2D4300CE34D1 /* Debug */,
				DB8FF336248E2D4300CE34D1 /* Release */,
			);
			defaultConfigurationIsVisible = 0;
			defaultConfigurationName = Release;
		};
		DB8FF337248E2D4300CE34D1 /* Build configuration list for PBXNativeTarget "HabitDevelopment" */ = {
			isa = XCConfigurationList;
			buildConfigurations = (
				DB8FF338248E2D4300CE34D1 /* Debug */,
				DB8FF339248E2D4300CE34D1 /* Release */,
			);
			defaultConfigurationIsVisible = 0;
			defaultConfigurationName = Release;
		};
/* End XCConfigurationList section */
	};
	rootObject = DB8FF31B248E2D4000CE34D1 /* Project object */;
}
